// !$*UTF8*$!
{
	archiveVersion = 1;
	classes = {
	};
	objectVersion = 50;
	objects = {

/* Begin PBXBuildFile section */
		0C37FDB1263592EA00AAA7E6 /* UIColorExtension.swift in Sources */ = {isa = PBXBuildFile; fileRef = 0C37FDB0263592EA00AAA7E6 /* UIColorExtension.swift */; };
		0C462E682634B2BE00C41109 /* APIDataProvider.swift in Sources */ = {isa = PBXBuildFile; fileRef = 0C462E672634B2BE00C41109 /* APIDataProvider.swift */; };
		0C462E6B2634C75C00C41109 /* Printer.swift in Sources */ = {isa = PBXBuildFile; fileRef = 0C462E6A2634C75B00C41109 /* Printer.swift */; };
		0C462E702634C89F00C41109 /* Stringnable.swift in Sources */ = {isa = PBXBuildFile; fileRef = 0C462E6F2634C89F00C41109 /* Stringnable.swift */; };
		0C462E8F2634E64800C41109 /* StringExtension.swift in Sources */ = {isa = PBXBuildFile; fileRef = 0C462E8E2634E64800C41109 /* StringExtension.swift */; };
		0C91E5A52634EE8900378F5F /* Localizable.strings in Resources */ = {isa = PBXBuildFile; fileRef = 0C91E5A12634EE2800378F5F /* Localizable.strings */; };
		0CDC000C262E01BA00170535 /* AppDelegate.swift in Sources */ = {isa = PBXBuildFile; fileRef = 0CDC000B262E01BA00170535 /* AppDelegate.swift */; };
		0CDC000E262E01BA00170535 /* SceneDelegate.swift in Sources */ = {isa = PBXBuildFile; fileRef = 0CDC000D262E01BA00170535 /* SceneDelegate.swift */; };
		0CDC0015262E01BA00170535 /* Assets.xcassets in Resources */ = {isa = PBXBuildFile; fileRef = 0CDC0014262E01BA00170535 /* Assets.xcassets */; };
		0CDC0024262E023500170535 /* LaunchScreen.storyboard in Resources */ = {isa = PBXBuildFile; fileRef = 0CDC0023262E023500170535 /* LaunchScreen.storyboard */; };
		0CDC0030262E09F200170535 /* BudgetsListVC.swift in Sources */ = {isa = PBXBuildFile; fileRef = 0CDC002F262E09F200170535 /* BudgetsListVC.swift */; };
		0CDC0034262E0B3000170535 /* Landing.storyboard in Resources */ = {isa = PBXBuildFile; fileRef = 0CDC0033262E0B3000170535 /* Landing.storyboard */; };
		0CDC0037262E0B4300170535 /* LandingVC.swift in Sources */ = {isa = PBXBuildFile; fileRef = 0CDC0036262E0B4300170535 /* LandingVC.swift */; };
		0CDC003A262E0BA800170535 /* NewBudgetVC.swift in Sources */ = {isa = PBXBuildFile; fileRef = 0CDC0039262E0BA800170535 /* NewBudgetVC.swift */; };
		0CDC003D262E0BBE00170535 /* BudgetsList.storyboard in Resources */ = {isa = PBXBuildFile; fileRef = 0CDC003C262E0BBE00170535 /* BudgetsList.storyboard */; };
		0CDC0040262E0BEA00170535 /* NewBudget.storyboard in Resources */ = {isa = PBXBuildFile; fileRef = 0CDC003F262E0BEA00170535 /* NewBudget.storyboard */; };
		0CDC0043262E0C8000170535 /* LandingPresenter.swift in Sources */ = {isa = PBXBuildFile; fileRef = 0CDC0042262E0C8000170535 /* LandingPresenter.swift */; };
		0CDC0049262E0E8F00170535 /* BudgetsListPresenter.swift in Sources */ = {isa = PBXBuildFile; fileRef = 0CDC0048262E0E8F00170535 /* BudgetsListPresenter.swift */; };
		0CDC004E262E16B000170535 /* NewBudgetPresenter.swift in Sources */ = {isa = PBXBuildFile; fileRef = 0CDC004D262E16B000170535 /* NewBudgetPresenter.swift */; };
		0CDC0054262E1A2300170535 /* Model.swift in Sources */ = {isa = PBXBuildFile; fileRef = 0CDC0053262E1A2300170535 /* Model.swift */; };
/* End PBXBuildFile section */

/* Begin PBXFileReference section */
		0C37FDB0263592EA00AAA7E6 /* UIColorExtension.swift */ = {isa = PBXFileReference; fileEncoding = 4; lastKnownFileType = sourcecode.swift; path = UIColorExtension.swift; sourceTree = "<group>"; };
		0C462E672634B2BE00C41109 /* APIDataProvider.swift */ = {isa = PBXFileReference; lastKnownFileType = sourcecode.swift; path = APIDataProvider.swift; sourceTree = "<group>"; };
		0C462E6A2634C75B00C41109 /* Printer.swift */ = {isa = PBXFileReference; lastKnownFileType = sourcecode.swift; path = Printer.swift; sourceTree = "<group>"; };
		0C462E6F2634C89F00C41109 /* Stringnable.swift */ = {isa = PBXFileReference; lastKnownFileType = sourcecode.swift; path = Stringnable.swift; sourceTree = "<group>"; };
		0C462E8E2634E64800C41109 /* StringExtension.swift */ = {isa = PBXFileReference; lastKnownFileType = sourcecode.swift; path = StringExtension.swift; sourceTree = "<group>"; };
		0C91E5A02634EE2800378F5F /* en */ = {isa = PBXFileReference; lastKnownFileType = text.plist.strings; name = en; path = en.lproj/Localizable.strings; sourceTree = "<group>"; };
		0C91E5A22634EE2A00378F5F /* es */ = {isa = PBXFileReference; lastKnownFileType = text.plist.strings; name = es; path = es.lproj/Localizable.strings; sourceTree = "<group>"; };
		0CDC0008262E01BA00170535 /* ReHab.app */ = {isa = PBXFileReference; explicitFileType = wrapper.application; includeInIndex = 0; path = ReHab.app; sourceTree = BUILT_PRODUCTS_DIR; };
		0CDC000B262E01BA00170535 /* AppDelegate.swift */ = {isa = PBXFileReference; lastKnownFileType = sourcecode.swift; path = AppDelegate.swift; sourceTree = "<group>"; };
		0CDC000D262E01BA00170535 /* SceneDelegate.swift */ = {isa = PBXFileReference; lastKnownFileType = sourcecode.swift; path = SceneDelegate.swift; sourceTree = "<group>"; };
		0CDC0014262E01BA00170535 /* Assets.xcassets */ = {isa = PBXFileReference; lastKnownFileType = folder.assetcatalog; path = Assets.xcassets; sourceTree = "<group>"; };
		0CDC0019262E01BA00170535 /* Info.plist */ = {isa = PBXFileReference; lastKnownFileType = text.plist.xml; path = Info.plist; sourceTree = "<group>"; };
		0CDC0023262E023500170535 /* LaunchScreen.storyboard */ = {isa = PBXFileReference; lastKnownFileType = file.storyboard; path = LaunchScreen.storyboard; sourceTree = "<group>"; };
		0CDC002F262E09F200170535 /* BudgetsListVC.swift */ = {isa = PBXFileReference; lastKnownFileType = sourcecode.swift; path = BudgetsListVC.swift; sourceTree = "<group>"; };
		0CDC0033262E0B3000170535 /* Landing.storyboard */ = {isa = PBXFileReference; lastKnownFileType = file.storyboard; path = Landing.storyboard; sourceTree = "<group>"; };
		0CDC0036262E0B4300170535 /* LandingVC.swift */ = {isa = PBXFileReference; lastKnownFileType = sourcecode.swift; path = LandingVC.swift; sourceTree = "<group>"; };
		0CDC0039262E0BA800170535 /* NewBudgetVC.swift */ = {isa = PBXFileReference; lastKnownFileType = sourcecode.swift; path = NewBudgetVC.swift; sourceTree = "<group>"; };
		0CDC003C262E0BBE00170535 /* BudgetsList.storyboard */ = {isa = PBXFileReference; lastKnownFileType = file.storyboard; path = BudgetsList.storyboard; sourceTree = "<group>"; };
		0CDC003F262E0BEA00170535 /* NewBudget.storyboard */ = {isa = PBXFileReference; lastKnownFileType = file.storyboard; path = NewBudget.storyboard; sourceTree = "<group>"; };
		0CDC0042262E0C8000170535 /* LandingPresenter.swift */ = {isa = PBXFileReference; lastKnownFileType = sourcecode.swift; path = LandingPresenter.swift; sourceTree = "<group>"; };
		0CDC0048262E0E8F00170535 /* BudgetsListPresenter.swift */ = {isa = PBXFileReference; lastKnownFileType = sourcecode.swift; path = BudgetsListPresenter.swift; sourceTree = "<group>"; };
		0CDC004D262E16B000170535 /* NewBudgetPresenter.swift */ = {isa = PBXFileReference; lastKnownFileType = sourcecode.swift; path = NewBudgetPresenter.swift; sourceTree = "<group>"; };
		0CDC0053262E1A2300170535 /* Model.swift */ = {isa = PBXFileReference; lastKnownFileType = sourcecode.swift; path = Model.swift; sourceTree = "<group>"; };
/* End PBXFileReference section */

/* Begin PBXFrameworksBuildPhase section */
		0CDC0005262E01BA00170535 /* Frameworks */ = {
			isa = PBXFrameworksBuildPhase;
			buildActionMask = 2147483647;
			files = (
			);
			runOnlyForDeploymentPostprocessing = 0;
		};
/* End PBXFrameworksBuildPhase section */

/* Begin PBXGroup section */
		0C462E6D2634C85700C41109 /* Utilities */ = {
			isa = PBXGroup;
			children = (
				0C462E6A2634C75B00C41109 /* Printer.swift */,
				0C462E6F2634C89F00C41109 /* Stringnable.swift */,
				0C462E8E2634E64800C41109 /* StringExtension.swift */,
				0C37FDB0263592EA00AAA7E6 /* UIColorExtension.swift */,
			);
			path = Utilities;
			sourceTree = "<group>";
		};
		0C462E912634E67900C41109 /* Resources */ = {
			isa = PBXGroup;
			children = (
				0C91E5A12634EE2800378F5F /* Localizable.strings */,
				0CDC0014262E01BA00170535 /* Assets.xcassets */,
			);
			path = Resources;
			sourceTree = "<group>";
		};
		0CDC0009262E01BA00170535 /* Products */ = {
			isa = PBXGroup;
			children = (
				0CDC0008262E01BA00170535 /* ReHab.app */,
			);
			name = Products;
			sourceTree = "<group>";
		};
		0CDC000A262E01BA00170535 /* ReHab */ = {
			isa = PBXGroup;
			children = (
				0CDC000B262E01BA00170535 /* AppDelegate.swift */,
				0CDC000D262E01BA00170535 /* SceneDelegate.swift */,
				0CDC0053262E1A2300170535 /* Model.swift */,
				0C462E672634B2BE00C41109 /* APIDataProvider.swift */,
				0C462E6D2634C85700C41109 /* Utilities */,
				0CDC0051262E16BD00170535 /* NewBudget Module */,
				0CDC004B262E0F9500170535 /* BudgetsList Module */,
				0CDC0046262E0E6C00170535 /* Landing Module */,
				0C462E912634E67900C41109 /* Resources */,
				0CDC0019262E01BA00170535 /* Info.plist */,
			);
			path = ReHab;
			sourceTree = "<group>";
		};
		0CDC0046262E0E6C00170535 /* Landing Module */ = {
			isa = PBXGroup;
			children = (
				0CDC0042262E0C8000170535 /* LandingPresenter.swift */,
				0CDC0036262E0B4300170535 /* LandingVC.swift */,
				0CDC0033262E0B3000170535 /* Landing.storyboard */,
				0CDC0023262E023500170535 /* LaunchScreen.storyboard */,
			);
			path = "Landing Module";
			sourceTree = "<group>";
		};
		0CDC004B262E0F9500170535 /* BudgetsList Module */ = {
			isa = PBXGroup;
			children = (
				0CDC0048262E0E8F00170535 /* BudgetsListPresenter.swift */,
				0CDC002F262E09F200170535 /* BudgetsListVC.swift */,
				0CDC003C262E0BBE00170535 /* BudgetsList.storyboard */,
			);
			path = "BudgetsList Module";
			sourceTree = "<group>";
		};
		0CDC0051262E16BD00170535 /* NewBudget Module */ = {
			isa = PBXGroup;
			children = (
				0CDC004D262E16B000170535 /* NewBudgetPresenter.swift */,
				0CDC0039262E0BA800170535 /* NewBudgetVC.swift */,
				0CDC003F262E0BEA00170535 /* NewBudget.storyboard */,
			);
			path = "NewBudget Module";
			sourceTree = "<group>";
		};
		0CDCFFFF262E01BA00170535 = {
			isa = PBXGroup;
			children = (
				0CDC000A262E01BA00170535 /* ReHab */,
				0CDC0009262E01BA00170535 /* Products */,
			);
			sourceTree = "<group>";
		};
/* End PBXGroup section */

/* Begin PBXNativeTarget section */
		0CDC0007262E01BA00170535 /* ReHab */ = {
			isa = PBXNativeTarget;
			buildConfigurationList = 0CDC001C262E01BA00170535 /* Build configuration list for PBXNativeTarget "ReHab" */;
			buildPhases = (
				0CDC0004262E01BA00170535 /* Sources */,
				0CDC0005262E01BA00170535 /* Frameworks */,
				0CDC0006262E01BA00170535 /* Resources */,
			);
			buildRules = (
			);
			dependencies = (
			);
			name = ReHab;
			productName = ReHab;
			productReference = 0CDC0008262E01BA00170535 /* ReHab.app */;
			productType = "com.apple.product-type.application";
		};
/* End PBXNativeTarget section */

/* Begin PBXProject section */
		0CDC0000262E01BA00170535 /* Project object */ = {
			isa = PBXProject;
			attributes = {
				LastSwiftUpdateCheck = 1240;
				LastUpgradeCheck = 1240;
				TargetAttributes = {
					0CDC0007262E01BA00170535 = {
						CreatedOnToolsVersion = 12.4;
					};
				};
			};
			buildConfigurationList = 0CDC0003262E01BA00170535 /* Build configuration list for PBXProject "ReHab" */;
			compatibilityVersion = "Xcode 9.3";
			developmentRegion = en;
			hasScannedForEncodings = 0;
			knownRegions = (
				en,
				es,
			);
			mainGroup = 0CDCFFFF262E01BA00170535;
			productRefGroup = 0CDC0009262E01BA00170535 /* Products */;
			projectDirPath = "";
			projectRoot = "";
			targets = (
				0CDC0007262E01BA00170535 /* ReHab */,
			);
		};
/* End PBXProject section */

/* Begin PBXResourcesBuildPhase section */
		0CDC0006262E01BA00170535 /* Resources */ = {
			isa = PBXResourcesBuildPhase;
			buildActionMask = 2147483647;
			files = (
				0CDC0034262E0B3000170535 /* Landing.storyboard in Resources */,
				0C91E5A52634EE8900378F5F /* Localizable.strings in Resources */,
				0CDC0015262E01BA00170535 /* Assets.xcassets in Resources */,
				0CDC0024262E023500170535 /* LaunchScreen.storyboard in Resources */,
				0CDC0040262E0BEA00170535 /* NewBudget.storyboard in Resources */,
				0CDC003D262E0BBE00170535 /* BudgetsList.storyboard in Resources */,
			);
			runOnlyForDeploymentPostprocessing = 0;
		};
/* End PBXResourcesBuildPhase section */

/* Begin PBXSourcesBuildPhase section */
		0CDC0004262E01BA00170535 /* Sources */ = {
			isa = PBXSourcesBuildPhase;
			buildActionMask = 2147483647;
			files = (
				0CDC0054262E1A2300170535 /* Model.swift in Sources */,
				0C37FDB1263592EA00AAA7E6 /* UIColorExtension.swift in Sources */,
				0C462E702634C89F00C41109 /* Stringnable.swift in Sources */,
				0C462E6B2634C75C00C41109 /* Printer.swift in Sources */,
				0CDC004E262E16B000170535 /* NewBudgetPresenter.swift in Sources */,
				0CDC0037262E0B4300170535 /* LandingVC.swift in Sources */,
				0C462E682634B2BE00C41109 /* APIDataProvider.swift in Sources */,
				0CDC0049262E0E8F00170535 /* BudgetsListPresenter.swift in Sources */,
				0CDC000C262E01BA00170535 /* AppDelegate.swift in Sources */,
				0CDC003A262E0BA800170535 /* NewBudgetVC.swift in Sources */,
				0CDC000E262E01BA00170535 /* SceneDelegate.swift in Sources */,
				0CDC0043262E0C8000170535 /* LandingPresenter.swift in Sources */,
				0C462E8F2634E64800C41109 /* StringExtension.swift in Sources */,
				0CDC0030262E09F200170535 /* BudgetsListVC.swift in Sources */,
			);
			runOnlyForDeploymentPostprocessing = 0;
		};
/* End PBXSourcesBuildPhase section */

/* Begin PBXVariantGroup section */
		0C91E5A12634EE2800378F5F /* Localizable.strings */ = {
			isa = PBXVariantGroup;
			children = (
				0C91E5A02634EE2800378F5F /* en */,
				0C91E5A22634EE2A00378F5F /* es */,
			);
			name = Localizable.strings;
			sourceTree = "<group>";
		};
/* End PBXVariantGroup section */

/* Begin XCBuildConfiguration section */
		0CDC001A262E01BA00170535 /* Debug */ = {
			isa = XCBuildConfiguration;
			buildSettings = {
				ALWAYS_SEARCH_USER_PATHS = NO;
				CLANG_ANALYZER_LOCALIZABILITY_NONLOCALIZED = YES;
				CLANG_ANALYZER_NONNULL = YES;
				CLANG_ANALYZER_NUMBER_OBJECT_CONVERSION = YES_AGGRESSIVE;
				CLANG_CXX_LANGUAGE_STANDARD = "gnu++14";
				CLANG_CXX_LIBRARY = "libc++";
				CLANG_ENABLE_MODULES = YES;
				CLANG_ENABLE_OBJC_ARC = YES;
				CLANG_ENABLE_OBJC_WEAK = YES;
				CLANG_WARN_BLOCK_CAPTURE_AUTORELEASING = YES;
				CLANG_WARN_BOOL_CONVERSION = YES;
				CLANG_WARN_COMMA = YES;
				CLANG_WARN_CONSTANT_CONVERSION = YES;
				CLANG_WARN_DEPRECATED_OBJC_IMPLEMENTATIONS = YES;
				CLANG_WARN_DIRECT_OBJC_ISA_USAGE = YES_ERROR;
				CLANG_WARN_DOCUMENTATION_COMMENTS = YES;
				CLANG_WARN_EMPTY_BODY = YES;
				CLANG_WARN_ENUM_CONVERSION = YES;
				CLANG_WARN_INFINITE_RECURSION = YES;
				CLANG_WARN_INT_CONVERSION = YES;
				CLANG_WARN_NON_LITERAL_NULL_CONVERSION = YES;
				CLANG_WARN_OBJC_IMPLICIT_RETAIN_SELF = YES;
				CLANG_WARN_OBJC_LITERAL_CONVERSION = YES;
				CLANG_WARN_OBJC_ROOT_CLASS = YES_ERROR;
				CLANG_WARN_QUOTED_INCLUDE_IN_FRAMEWORK_HEADER = YES;
				CLANG_WARN_RANGE_LOOP_ANALYSIS = YES;
				CLANG_WARN_STRICT_PROTOTYPES = YES;
				CLANG_WARN_SUSPICIOUS_MOVE = YES;
				CLANG_WARN_UNGUARDED_AVAILABILITY = YES_AGGRESSIVE;
				CLANG_WARN_UNREACHABLE_CODE = YES;
				CLANG_WARN__DUPLICATE_METHOD_MATCH = YES;
				COPY_PHASE_STRIP = NO;
				DEBUG_INFORMATION_FORMAT = dwarf;
				ENABLE_STRICT_OBJC_MSGSEND = YES;
				ENABLE_TESTABILITY = YES;
				GCC_C_LANGUAGE_STANDARD = gnu11;
				GCC_DYNAMIC_NO_PIC = NO;
				GCC_NO_COMMON_BLOCKS = YES;
				GCC_OPTIMIZATION_LEVEL = 0;
				GCC_PREPROCESSOR_DEFINITIONS = (
					"DEBUG=1",
					"$(inherited)",
				);
				GCC_WARN_64_TO_32_BIT_CONVERSION = YES;
				GCC_WARN_ABOUT_RETURN_TYPE = YES_ERROR;
				GCC_WARN_UNDECLARED_SELECTOR = YES;
				GCC_WARN_UNINITIALIZED_AUTOS = YES_AGGRESSIVE;
				GCC_WARN_UNUSED_FUNCTION = YES;
				GCC_WARN_UNUSED_VARIABLE = YES;
				IPHONEOS_DEPLOYMENT_TARGET = 14.4;
				MTL_ENABLE_DEBUG_INFO = INCLUDE_SOURCE;
				MTL_FAST_MATH = YES;
				ONLY_ACTIVE_ARCH = YES;
				SDKROOT = iphoneos;
				SWIFT_ACTIVE_COMPILATION_CONDITIONS = DEBUG;
				SWIFT_OPTIMIZATION_LEVEL = "-Onone";
			};
			name = Debug;
		};
		0CDC001B262E01BA00170535 /* Release */ = {
			isa = XCBuildConfiguration;
			buildSettings = {
				ALWAYS_SEARCH_USER_PATHS = NO;
				CLANG_ANALYZER_LOCALIZABILITY_NONLOCALIZED = YES;
				CLANG_ANALYZER_NONNULL = YES;
				CLANG_ANALYZER_NUMBER_OBJECT_CONVERSION = YES_AGGRESSIVE;
				CLANG_CXX_LANGUAGE_STANDARD = "gnu++14";
				CLANG_CXX_LIBRARY = "libc++";
				CLANG_ENABLE_MODULES = YES;
				CLANG_ENABLE_OBJC_ARC = YES;
				CLANG_ENABLE_OBJC_WEAK = YES;
				CLANG_WARN_BLOCK_CAPTURE_AUTORELEASING = YES;
				CLANG_WARN_BOOL_CONVERSION = YES;
				CLANG_WARN_COMMA = YES;
				CLANG_WARN_CONSTANT_CONVERSION = YES;
				CLANG_WARN_DEPRECATED_OBJC_IMPLEMENTATIONS = YES;
				CLANG_WARN_DIRECT_OBJC_ISA_USAGE = YES_ERROR;
				CLANG_WARN_DOCUMENTATION_COMMENTS = YES;
				CLANG_WARN_EMPTY_BODY = YES;
				CLANG_WARN_ENUM_CONVERSION = YES;
				CLANG_WARN_INFINITE_RECURSION = YES;
				CLANG_WARN_INT_CONVERSION = YES;
				CLANG_WARN_NON_LITERAL_NULL_CONVERSION = YES;
				CLANG_WARN_OBJC_IMPLICIT_RETAIN_SELF = YES;
				CLANG_WARN_OBJC_LITERAL_CONVERSION = YES;
				CLANG_WARN_OBJC_ROOT_CLASS = YES_ERROR;
				CLANG_WARN_QUOTED_INCLUDE_IN_FRAMEWORK_HEADER = YES;
				CLANG_WARN_RANGE_LOOP_ANALYSIS = YES;
				CLANG_WARN_STRICT_PROTOTYPES = YES;
				CLANG_WARN_SUSPICIOUS_MOVE = YES;
				CLANG_WARN_UNGUARDED_AVAILABILITY = YES_AGGRESSIVE;
				CLANG_WARN_UNREACHABLE_CODE = YES;
				CLANG_WARN__DUPLICATE_METHOD_MATCH = YES;
				COPY_PHASE_STRIP = NO;
				DEBUG_INFORMATION_FORMAT = "dwarf-with-dsym";
				ENABLE_NS_ASSERTIONS = NO;
				ENABLE_STRICT_OBJC_MSGSEND = YES;
				GCC_C_LANGUAGE_STANDARD = gnu11;
				GCC_NO_COMMON_BLOCKS = YES;
				GCC_WARN_64_TO_32_BIT_CONVERSION = YES;
				GCC_WARN_ABOUT_RETURN_TYPE = YES_ERROR;
				GCC_WARN_UNDECLARED_SELECTOR = YES;
				GCC_WARN_UNINITIALIZED_AUTOS = YES_AGGRESSIVE;
				GCC_WARN_UNUSED_FUNCTION = YES;
				GCC_WARN_UNUSED_VARIABLE = YES;
				IPHONEOS_DEPLOYMENT_TARGET = 14.4;
				MTL_ENABLE_DEBUG_INFO = NO;
				MTL_FAST_MATH = YES;
				SDKROOT = iphoneos;
				SWIFT_COMPILATION_MODE = wholemodule;
				SWIFT_OPTIMIZATION_LEVEL = "-O";
				VALIDATE_PRODUCT = YES;
			};
			name = Release;
		};
		0CDC001D262E01BA00170535 /* Debug */ = {
			isa = XCBuildConfiguration;
			buildSettings = {
				ASSETCATALOG_COMPILER_APPICON_NAME = AppIcon;
				ASSETCATALOG_COMPILER_GLOBAL_ACCENT_COLOR_NAME = AccentColor;
				CODE_SIGN_STYLE = Automatic;
				DEVELOPMENT_TEAM = A9BV75HGP3;
				INFOPLIST_FILE = ReHab/Info.plist;
				LD_RUNPATH_SEARCH_PATHS = (
					"$(inherited)",
					"@executable_path/Frameworks",
				);
				PRODUCT_BUNDLE_IDENTIFIER = miguel.gallego.ReHab;
				PRODUCT_NAME = "$(TARGET_NAME)";
				SWIFT_VERSION = 5.0;
				TARGETED_DEVICE_FAMILY = 1;
			};
			name = Debug;
		};
		0CDC001E262E01BA00170535 /* Release */ = {
			isa = XCBuildConfiguration;
			buildSettings = {
				ASSETCATALOG_COMPILER_APPICON_NAME = AppIcon;
				ASSETCATALOG_COMPILER_GLOBAL_ACCENT_COLOR_NAME = AccentColor;
				CODE_SIGN_STYLE = Automatic;
				DEVELOPMENT_TEAM = A9BV75HGP3;
				INFOPLIST_FILE = ReHab/Info.plist;
				LD_RUNPATH_SEARCH_PATHS = (
					"$(inherited)",
					"@executable_path/Frameworks",
				);
				PRODUCT_BUNDLE_IDENTIFIER = miguel.gallego.ReHab;
				PRODUCT_NAME = "$(TARGET_NAME)";
				SWIFT_VERSION = 5.0;
				TARGETED_DEVICE_FAMILY = 1;
			};
			name = Release;
		};
/* End XCBuildConfiguration section */

/* Begin XCConfigurationList section */
		0CDC0003262E01BA00170535 /* Build configuration list for PBXProject "ReHab" */ = {
			isa = XCConfigurationList;
			buildConfigurations = (
				0CDC001A262E01BA00170535 /* Debug */,
				0CDC001B262E01BA00170535 /* Release */,
			);
			defaultConfigurationIsVisible = 0;
			defaultConfigurationName = Release;
		};
		0CDC001C262E01BA00170535 /* Build configuration list for PBXNativeTarget "ReHab" */ = {
			isa = XCConfigurationList;
			buildConfigurations = (
				0CDC001D262E01BA00170535 /* Debug */,
				0CDC001E262E01BA00170535 /* Release */,
			);
			defaultConfigurationIsVisible = 0;
			defaultConfigurationName = Release;
		};
/* End XCConfigurationList section */
	};
	rootObject = 0CDC0000262E01BA00170535 /* Project object */;
}
